// !$*UTF8*$!
{
	archiveVersion = 1;
	classes = {
	};
	objectVersion = 52;
	objects = {

/* Begin PBXBuildFile section */
		30147FB129B0377700FD0D13 /* ChatGPTView.swift in Sources */ = {isa = PBXBuildFile; fileRef = 30147FB029B0377700FD0D13 /* ChatGPTView.swift */; };
		3050199426C9FB7F00C58010 /* ImagePickerView.swift in Sources */ = {isa = PBXBuildFile; fileRef = 3050199326C9FB7F00C58010 /* ImagePickerView.swift */; };
		30584BF426C39CD50025A772 /* WidgetKit.framework in Frameworks */ = {isa = PBXBuildFile; fileRef = 30584BF326C39CD50025A772 /* WidgetKit.framework */; };
		30584BF626C39CD50025A772 /* SwiftUI.framework in Frameworks */ = {isa = PBXBuildFile; fileRef = 30584BF526C39CD50025A772 /* SwiftUI.framework */; };
		30584BF926C39CD50025A772 /* HealthQR.swift in Sources */ = {isa = PBXBuildFile; fileRef = 30584BF826C39CD50025A772 /* HealthQR.swift */; };
		30584BFC26C39CD60025A772 /* Assets.xcassets in Resources */ = {isa = PBXBuildFile; fileRef = 30584BFB26C39CD60025A772 /* Assets.xcassets */; };
		30584BFE26C39CD60025A772 /* HealthQR.intentdefinition in Sources */ = {isa = PBXBuildFile; fileRef = 30584BFA26C39CD50025A772 /* HealthQR.intentdefinition */; };
		30584BFF26C39CD60025A772 /* HealthQR.intentdefinition in Sources */ = {isa = PBXBuildFile; fileRef = 30584BFA26C39CD50025A772 /* HealthQR.intentdefinition */; };
		30584C0226C39CD60025A772 /* HealthQRExtension.appex in Embed App Extensions */ = {isa = PBXBuildFile; fileRef = 30584BF126C39CD50025A772 /* HealthQRExtension.appex */; settings = {ATTRIBUTES = (RemoveHeadersOnCopy, ); }; };
		30584C0826C3B0EE0025A772 /* HealthImageView.swift in Sources */ = {isa = PBXBuildFile; fileRef = 30584C0726C3B0EE0025A772 /* HealthImageView.swift */; };
		30584C0A26C3B1E60025A772 /* 701628666462_.pic.jpg in Resources */ = {isa = PBXBuildFile; fileRef = 30584C0926C3B1E60025A772 /* 701628666462_.pic.jpg */; };
		306190DD26BB707100140D41 /* familymart.mp3 in Resources */ = {isa = PBXBuildFile; fileRef = 306190DC26BB707100140D41 /* familymart.mp3 */; };
		306190E026BB744800140D41 /* 1.MP3 in Resources */ = {isa = PBXBuildFile; fileRef = 306190DF26BB744800140D41 /* 1.MP3 */; };
		306191C226BB974400140D41 /* 202104261601293757.png in Resources */ = {isa = PBXBuildFile; fileRef = 3061910726BB973E00140D41 /* 202104261601293757.png */; };
		306191C326BB974400140D41 /* 202003191445351148.png in Resources */ = {isa = PBXBuildFile; fileRef = 3061910826BB973E00140D41 /* 202003191445351148.png */; };
		306191C426BB974400140D41 /* 202010161656302443.png in Resources */ = {isa = PBXBuildFile; fileRef = 3061910926BB973E00140D41 /* 202010161656302443.png */; };
		306191C526BB974400140D41 /* 202003191442536617.png in Resources */ = {isa = PBXBuildFile; fileRef = 3061910A26BB973E00140D41 /* 202003191442536617.png */; };
		306191C626BB974400140D41 /* 202003191441213571.png in Resources */ = {isa = PBXBuildFile; fileRef = 3061910B26BB973E00140D41 /* 202003191441213571.png */; };
		306191C726BB974400140D41 /* 202005061003553790.png in Resources */ = {isa = PBXBuildFile; fileRef = 3061910C26BB973E00140D41 /* 202005061003553790.png */; };
		306191C826BB974400140D41 /* 202010121523342804.png in Resources */ = {isa = PBXBuildFile; fileRef = 3061910D26BB973E00140D41 /* 202010121523342804.png */; };
		306191C926BB974500140D41 /* 202003191444328139.png in Resources */ = {isa = PBXBuildFile; fileRef = 3061910E26BB973E00140D41 /* 202003191444328139.png */; };
		306191CA26BB974500140D41 /* 202003191445238413.png in Resources */ = {isa = PBXBuildFile; fileRef = 3061910F26BB973E00140D41 /* 202003191445238413.png */; };
		306191CB26BB974500140D41 /* 201511061707075050.png in Resources */ = {isa = PBXBuildFile; fileRef = 3061911026BB973E00140D41 /* 201511061707075050.png */; };
		306191CC26BB974500140D41 /* 202104261601503435.png in Resources */ = {isa = PBXBuildFile; fileRef = 3061911126BB973E00140D41 /* 202104261601503435.png */; };
		306191CD26BB974500140D41 /* 202104251155083442.png in Resources */ = {isa = PBXBuildFile; fileRef = 3061911226BB973E00140D41 /* 202104251155083442.png */; };
		306191CE26BB974500140D41 /* 202003191431284513.png in Resources */ = {isa = PBXBuildFile; fileRef = 3061911326BB973E00140D41 /* 202003191431284513.png */; };
		306191CF26BB974500140D41 /* 202005270940031690.png in Resources */ = {isa = PBXBuildFile; fileRef = 3061911426BB973E00140D41 /* 202005270940031690.png */; };
		306191D026BB974500140D41 /* 202003191446371767.png in Resources */ = {isa = PBXBuildFile; fileRef = 3061911526BB973E00140D41 /* 202003191446371767.png */; };
		306191D126BB974500140D41 /* 202004291713404547.png in Resources */ = {isa = PBXBuildFile; fileRef = 3061911626BB973E00140D41 /* 202004291713404547.png */; };
		306191D226BB974500140D41 /* 202104251154007356.png in Resources */ = {isa = PBXBuildFile; fileRef = 3061911726BB973E00140D41 /* 202104251154007356.png */; };
		306191D326BB974500140D41 /* 202003191446258631.png in Resources */ = {isa = PBXBuildFile; fileRef = 3061911826BB973E00140D41 /* 202003191446258631.png */; };
		306191D626BB974500140D41 /* 202104191433067178.png in Resources */ = {isa = PBXBuildFile; fileRef = 3061911C26BB973F00140D41 /* 202104191433067178.png */; };
		306191D726BB974500140D41 /* 202104191452168424.png in Resources */ = {isa = PBXBuildFile; fileRef = 3061911D26BB973F00140D41 /* 202104191452168424.png */; };
		306191D826BB974500140D41 /* 202005270940173811.png in Resources */ = {isa = PBXBuildFile; fileRef = 3061911E26BB973F00140D41 /* 202005270940173811.png */; };
		306191D926BB974500140D41 /* 201510282055166446.png in Resources */ = {isa = PBXBuildFile; fileRef = 3061911F26BB973F00140D41 /* 201510282055166446.png */; };
		306191DA26BB974500140D41 /* 202104191445236993.png in Resources */ = {isa = PBXBuildFile; fileRef = 3061912026BB973F00140D41 /* 202104191445236993.png */; };
		306191DB26BB974500140D41 /* 202104191438226276.png in Resources */ = {isa = PBXBuildFile; fileRef = 3061912126BB973F00140D41 /* 202104191438226276.png */; };
		306191DC26BB974500140D41 /* 202104191559028030.png in Resources */ = {isa = PBXBuildFile; fileRef = 3061912226BB973F00140D41 /* 202104191559028030.png */; };
		306191DD26BB974500140D41 /* 201908131737148079.png in Resources */ = {isa = PBXBuildFile; fileRef = 3061912326BB973F00140D41 /* 201908131737148079.png */; };
		306191DE26BB974500140D41 /* 202104191456165259.png in Resources */ = {isa = PBXBuildFile; fileRef = 3061912426BB973F00140D41 /* 202104191456165259.png */; };
		306191DF26BB974500140D41 /* 201610141806169974.png in Resources */ = {isa = PBXBuildFile; fileRef = 3061912526BB973F00140D41 /* 201610141806169974.png */; };
		306191E026BB974500140D41 /* 202003191433146156.png in Resources */ = {isa = PBXBuildFile; fileRef = 3061912626BB973F00140D41 /* 202003191433146156.png */; };
		306191E126BB974500140D41 /* 202003191433289748.png in Resources */ = {isa = PBXBuildFile; fileRef = 3061912726BB973F00140D41 /* 202003191433289748.png */; };
		306191E226BB974500140D41 /* 202104191549025113.png in Resources */ = {isa = PBXBuildFile; fileRef = 3061912826BB973F00140D41 /* 202104191549025113.png */; };
		306191E326BB974500140D41 /* 201709121712579051.png in Resources */ = {isa = PBXBuildFile; fileRef = 3061912926BB973F00140D41 /* 201709121712579051.png */; };
		306191E426BB974500140D41 /* 202104191545314313.png in Resources */ = {isa = PBXBuildFile; fileRef = 3061912A26BB973F00140D41 /* 202104191545314313.png */; };
		306191E526BB974500140D41 /* 202104191555596695.png in Resources */ = {isa = PBXBuildFile; fileRef = 3061912B26BB973F00140D41 /* 202104191555596695.png */; };
		306191EE26BB974500140D41 /* 202104151852206510.png in Resources */ = {isa = PBXBuildFile; fileRef = 3061913526BB974000140D41 /* 202104151852206510.png */; };
		306191EF26BB974500140D41 /* 201709081712171757.png in Resources */ = {isa = PBXBuildFile; fileRef = 3061913626BB974000140D41 /* 201709081712171757.png */; };
		306191F026BB974500140D41 /* 202005061021247170.png in Resources */ = {isa = PBXBuildFile; fileRef = 3061913726BB974000140D41 /* 202005061021247170.png */; };
		306191F126BB974500140D41 /* 201511061723077048.png in Resources */ = {isa = PBXBuildFile; fileRef = 3061913826BB974000140D41 /* 201511061723077048.png */; };
		306191F226BB974500140D41 /* 202005061027391479.png in Resources */ = {isa = PBXBuildFile; fileRef = 3061913926BB974000140D41 /* 202005061027391479.png */; };
		306191F326BB974500140D41 /* 202104191526391210.png in Resources */ = {isa = PBXBuildFile; fileRef = 3061913A26BB974000140D41 /* 202104191526391210.png */; };
		306191F426BB974500140D41 /* 201511061654225468.png in Resources */ = {isa = PBXBuildFile; fileRef = 3061913B26BB974000140D41 /* 201511061654225468.png */; };
		306191F526BB974500140D41 /* 202104191521441185.png in Resources */ = {isa = PBXBuildFile; fileRef = 3061913C26BB974000140D41 /* 202104191521441185.png */; };
		306191F626BB974500140D41 /* 201610181552401579.png in Resources */ = {isa = PBXBuildFile; fileRef = 3061913D26BB974000140D41 /* 201610181552401579.png */; };
		306191F726BB974500140D41 /* 201908271032169362.png in Resources */ = {isa = PBXBuildFile; fileRef = 3061913E26BB974000140D41 /* 201908271032169362.png */; };
		306191F826BB974500140D41 /* 201610141825068448.png in Resources */ = {isa = PBXBuildFile; fileRef = 3061913F26BB974000140D41 /* 201610141825068448.png */; };
		306191FA26BB974500140D41 /* 202104191500563514.png in Resources */ = {isa = PBXBuildFile; fileRef = 3061914126BB974000140D41 /* 202104191500563514.png */; };
		306191FB26BB974500140D41 /* 201709081713313851.png in Resources */ = {isa = PBXBuildFile; fileRef = 3061914226BB974000140D41 /* 201709081713313851.png */; };
		306191FC26BB974500140D41 /* 201511061722302213.png in Resources */ = {isa = PBXBuildFile; fileRef = 3061914326BB974000140D41 /* 201511061722302213.png */; };
		306191FD26BB974500140D41 /* 202104191514165145.png in Resources */ = {isa = PBXBuildFile; fileRef = 3061914426BB974000140D41 /* 202104191514165145.png */; };
		306191FE26BB974500140D41 /* 202005061031176823.png in Resources */ = {isa = PBXBuildFile; fileRef = 3061914526BB974000140D41 /* 202005061031176823.png */; };
		306191FF26BB974500140D41 /* 201511061655104476.png in Resources */ = {isa = PBXBuildFile; fileRef = 3061914626BB974000140D41 /* 201511061655104476.png */; };
		3061920026BB974500140D41 /* 201709081710371818.png in Resources */ = {isa = PBXBuildFile; fileRef = 3061914726BB974000140D41 /* 201709081710371818.png */; };
		3061920126BB974500140D41 /* 201511061658408782.png in Resources */ = {isa = PBXBuildFile; fileRef = 3061914826BB974000140D41 /* 201511061658408782.png */; };
		3061920226BB974500140D41 /* 201511061658221610.png in Resources */ = {isa = PBXBuildFile; fileRef = 3061914926BB974000140D41 /* 201511061658221610.png */; };
		3061920326BB974500140D41 /* 202005061023475981.png in Resources */ = {isa = PBXBuildFile; fileRef = 3061914A26BB974000140D41 /* 202005061023475981.png */; };
		3061920426BB974500140D41 /* 202005061029316017.png in Resources */ = {isa = PBXBuildFile; fileRef = 3061914B26BB974000140D41 /* 202005061029316017.png */; };
		3061920526BB974500140D41 /* 201511061657219723.png in Resources */ = {isa = PBXBuildFile; fileRef = 3061914C26BB974000140D41 /* 201511061657219723.png */; };
		3061920A26BB974500140D41 /* 201511061811032770.png in Resources */ = {isa = PBXBuildFile; fileRef = 3061915226BB974100140D41 /* 201511061811032770.png */; };
		3061920B26BB974500140D41 /* 201511061812111837.png in Resources */ = {isa = PBXBuildFile; fileRef = 3061915326BB974100140D41 /* 201511061812111837.png */; };
		3061920C26BB974500140D41 /* 202008121131147367.png in Resources */ = {isa = PBXBuildFile; fileRef = 3061915426BB974100140D41 /* 202008121131147367.png */; };
		3061920D26BB974500140D41 /* 202003191452518874.png in Resources */ = {isa = PBXBuildFile; fileRef = 3061915526BB974100140D41 /* 202003191452518874.png */; };
		3061920E26BB974500140D41 /* 202005270940331482.png in Resources */ = {isa = PBXBuildFile; fileRef = 3061915626BB974100140D41 /* 202005270940331482.png */; };
		3061920F26BB974500140D41 /* 201511061813048606.png in Resources */ = {isa = PBXBuildFile; fileRef = 3061915726BB974100140D41 /* 201511061813048606.png */; };
		3061921026BB974500140D41 /* 202008121038059059.png in Resources */ = {isa = PBXBuildFile; fileRef = 3061915826BB974100140D41 /* 202008121038059059.png */; };
		3061921126BB974500140D41 /* 201511061823032589.png in Resources */ = {isa = PBXBuildFile; fileRef = 3061915926BB974100140D41 /* 201511061823032589.png */; };
		3061921226BB974500140D41 /* 202008111503424528.png in Resources */ = {isa = PBXBuildFile; fileRef = 3061915A26BB974100140D41 /* 202008111503424528.png */; };
		3061921326BB974500140D41 /* 202003191452306697.png in Resources */ = {isa = PBXBuildFile; fileRef = 3061915B26BB974100140D41 /* 202003191452306697.png */; };
		3061921426BB974500140D41 /* 202003191451424311.png in Resources */ = {isa = PBXBuildFile; fileRef = 3061915C26BB974100140D41 /* 202003191451424311.png */; };
		3061921526BB974500140D41 /* 202104191417454534.png in Resources */ = {isa = PBXBuildFile; fileRef = 3061915D26BB974100140D41 /* 202104191417454534.png */; };
		3061921626BB974500140D41 /* 202006171817102529.png in Resources */ = {isa = PBXBuildFile; fileRef = 3061915E26BB974100140D41 /* 202006171817102529.png */; };
		3061921726BB974500140D41 /* 201602171846327169.png in Resources */ = {isa = PBXBuildFile; fileRef = 3061915F26BB974100140D41 /* 201602171846327169.png */; };
		3061921826BB974500140D41 /* 202005191151344606.png in Resources */ = {isa = PBXBuildFile; fileRef = 3061916026BB974100140D41 /* 202005191151344606.png */; };
		3061921926BB974500140D41 /* 202005191139581600.png in Resources */ = {isa = PBXBuildFile; fileRef = 3061916126BB974100140D41 /* 202005191139581600.png */; };
		3061921A26BB974500140D41 /* 201910101708405246.png in Resources */ = {isa = PBXBuildFile; fileRef = 3061916226BB974100140D41 /* 201910101708405246.png */; };
		3061921B26BB974500140D41 /* 202005191150116099.png in Resources */ = {isa = PBXBuildFile; fileRef = 3061916326BB974100140D41 /* 202005191150116099.png */; };
		3061921C26BB974500140D41 /* 201709121553526409.png in Resources */ = {isa = PBXBuildFile; fileRef = 3061916426BB974100140D41 /* 201709121553526409.png */; };
		3061921D26BB974500140D41 /* 202003191453303469.png in Resources */ = {isa = PBXBuildFile; fileRef = 3061916526BB974100140D41 /* 202003191453303469.png */; };
		3061923526BB974500140D41 /* 202003191434387453.png in Resources */ = {isa = PBXBuildFile; fileRef = 3061917E26BB974300140D41 /* 202003191434387453.png */; };
		3061923626BB974500140D41 /* 201511061801006455.png in Resources */ = {isa = PBXBuildFile; fileRef = 3061917F26BB974300140D41 /* 201511061801006455.png */; };
		3061923726BB974500140D41 /* 202003191510126381.png in Resources */ = {isa = PBXBuildFile; fileRef = 3061918026BB974300140D41 /* 202003191510126381.png */; };
		3061923826BB974500140D41 /* 202003191449258974.png in Resources */ = {isa = PBXBuildFile; fileRef = 3061918126BB974300140D41 /* 202003191449258974.png */; };
		3061923A26BB974500140D41 /* 202005270949182813.png in Resources */ = {isa = PBXBuildFile; fileRef = 3061918326BB974300140D41 /* 202005270949182813.png */; };
		3061923B26BB974500140D41 /* 202003191447419769.png in Resources */ = {isa = PBXBuildFile; fileRef = 3061918426BB974300140D41 /* 202003191447419769.png */; };
		3061923C26BB974500140D41 /* 202003191447495324.png in Resources */ = {isa = PBXBuildFile; fileRef = 3061918526BB974300140D41 /* 202003191447495324.png */; };
		3061923D26BB974500140D41 /* mcd-logo.jpg in Resources */ = {isa = PBXBuildFile; fileRef = 3061918626BB974300140D41 /* mcd-logo.jpg */; };
		3061924326BB974500140D41 /* header-mobile-bg.png in Resources */ = {isa = PBXBuildFile; fileRef = 3061918C26BB974300140D41 /* header-mobile-bg.png */; };
		3061924D26BB974500140D41 /* 201909241723061060.png in Resources */ = {isa = PBXBuildFile; fileRef = 3061919726BB974400140D41 /* 201909241723061060.png */; };
		3061924E26BB974500140D41 /* 201909252240384287.png in Resources */ = {isa = PBXBuildFile; fileRef = 3061919826BB974400140D41 /* 201909252240384287.png */; };
		3061924F26BB974500140D41 /* 201709121554229917.png in Resources */ = {isa = PBXBuildFile; fileRef = 3061919926BB974400140D41 /* 201709121554229917.png */; };
		3061925026BB974500140D41 /* 201909252152393066.png in Resources */ = {isa = PBXBuildFile; fileRef = 3061919A26BB974400140D41 /* 201909252152393066.png */; };
		3061925126BB974500140D41 /* 201709111305502404.png in Resources */ = {isa = PBXBuildFile; fileRef = 3061919B26BB974400140D41 /* 201709111305502404.png */; };
		3061925226BB974500140D41 /* 201709091948435796.png in Resources */ = {isa = PBXBuildFile; fileRef = 3061919C26BB974400140D41 /* 201709091948435796.png */; };
		3061925326BB974500140D41 /* 201909241658187803.png in Resources */ = {isa = PBXBuildFile; fileRef = 3061919D26BB974400140D41 /* 201909241658187803.png */; };
		3061925426BB974500140D41 /* 201909261438192618.png in Resources */ = {isa = PBXBuildFile; fileRef = 3061919E26BB974400140D41 /* 201909261438192618.png */; };
		3061925526BB974500140D41 /* 201909241741122130.png in Resources */ = {isa = PBXBuildFile; fileRef = 3061919F26BB974400140D41 /* 201909241741122130.png */; };
		3061925626BB974500140D41 /* 201709091945021754.png in Resources */ = {isa = PBXBuildFile; fileRef = 306191A026BB974400140D41 /* 201709091945021754.png */; };
		3061926026BBB16400140D41 /* McdView.swift in Sources */ = {isa = PBXBuildFile; fileRef = 3061925F26BBB16400140D41 /* McdView.swift */; };
		3061926426BBC75B00140D41 /* hanbao.bundle in Resources */ = {isa = PBXBuildFile; fileRef = 3061926326BBC75B00140D41 /* hanbao.bundle */; };
		3061926826BBE59900140D41 /* mdl.json in Resources */ = {isa = PBXBuildFile; fileRef = 3061926726BBE59900140D41 /* mdl.json */; };
		3061926F26BBE6DF00140D41 /* ProductSection.swift in Sources */ = {isa = PBXBuildFile; fileRef = 3061926B26BBE6DF00140D41 /* ProductSection.swift */; };
		3061927026BBE6DF00140D41 /* JSONSchemaSupport.swift in Sources */ = {isa = PBXBuildFile; fileRef = 3061926C26BBE6DF00140D41 /* JSONSchemaSupport.swift */; };
		3061927126BBE6DF00140D41 /* Specification.swift in Sources */ = {isa = PBXBuildFile; fileRef = 3061926D26BBE6DF00140D41 /* Specification.swift */; };
		3061927226BBE6DF00140D41 /* Product.swift in Sources */ = {isa = PBXBuildFile; fileRef = 3061926E26BBE6DF00140D41 /* Product.swift */; };
		3061927826BCE02F00140D41 /* Kingfisher in Frameworks */ = {isa = PBXBuildFile; productRef = 3061927726BCE02F00140D41 /* Kingfisher */; };
		3067DC3427D5B07F00DA339E /* PhotoListView.swift in Sources */ = {isa = PBXBuildFile; fileRef = 3067DC3327D5B07F00DA339E /* PhotoListView.swift */; };
		3081925926B0F3400022DB17 /* kidslandApp.swift in Sources */ = {isa = PBXBuildFile; fileRef = 3081925826B0F3400022DB17 /* kidslandApp.swift */; };
		3081925B26B0F3400022DB17 /* ContentView.swift in Sources */ = {isa = PBXBuildFile; fileRef = 3081925A26B0F3400022DB17 /* ContentView.swift */; };
		3081925D26B0F3420022DB17 /* Assets.xcassets in Resources */ = {isa = PBXBuildFile; fileRef = 3081925C26B0F3420022DB17 /* Assets.xcassets */; };
		3081926026B0F3420022DB17 /* Preview Assets.xcassets in Resources */ = {isa = PBXBuildFile; fileRef = 3081925F26B0F3420022DB17 /* Preview Assets.xcassets */; };
		3081926E26B0FD300022DB17 /* CarBode in Frameworks */ = {isa = PBXBuildFile; productRef = 3081926D26B0FD300022DB17 /* CarBode */; };
		3081927126B0FE990022DB17 /* ScanView.swift in Sources */ = {isa = PBXBuildFile; fileRef = 3081927026B0FE990022DB17 /* ScanView.swift */; };
		3081927626B140E00022DB17 /* EngLearnView.swift in Sources */ = {isa = PBXBuildFile; fileRef = 3081927526B140E00022DB17 /* EngLearnView.swift */; };
		3081927926B14E4D0022DB17 /* MathLearnView.swift in Sources */ = {isa = PBXBuildFile; fileRef = 3081927826B14E4D0022DB17 /* MathLearnView.swift */; };
		309C3F6526DF4ADA00F65F4A /* NetworkExtension.framework in Frameworks */ = {isa = PBXBuildFile; fileRef = 309C3F6426DF4ADA00F65F4A /* NetworkExtension.framework */; };
		309C3F6726DF4DF000F65F4A /* WIFIHelper.swift in Sources */ = {isa = PBXBuildFile; fileRef = 309C3F6626DF4DF000F65F4A /* WIFIHelper.swift */; };
		30BFB45726B29A470072DB7F /* PlayerView.swift in Sources */ = {isa = PBXBuildFile; fileRef = 30BFB45326B29A460072DB7F /* PlayerView.swift */; };
		30BFB45A26B29A470072DB7F /* Song.swift in Sources */ = {isa = PBXBuildFile; fileRef = 30BFB45626B29A470072DB7F /* Song.swift */; };
		30BFB46026B29B680072DB7F /* SDWebImageSwiftUI in Frameworks */ = {isa = PBXBuildFile; productRef = 30BFB45F26B29B680072DB7F /* SDWebImageSwiftUI */; };
		30BFB46426B29B9E0072DB7F /* SwiftyJSON.swift in Sources */ = {isa = PBXBuildFile; fileRef = 30BFB46326B29B9E0072DB7F /* SwiftyJSON.swift */; };
		30BFB46F26B39F3C0072DB7F /* 贝瓦儿歌mp3-040 The Months.MP3 in Resources */ = {isa = PBXBuildFile; fileRef = 30BFB46A26B39F3C0072DB7F /* 贝瓦儿歌mp3-040 The Months.MP3 */; };
		30BFB47026B39F3C0072DB7F /* 贝瓦儿歌mp3-036 If you are happy.MP3 in Resources */ = {isa = PBXBuildFile; fileRef = 30BFB46B26B39F3C0072DB7F /* 贝瓦儿歌mp3-036 If you are happy.MP3 */; };
		30BFB47126B39F3C0072DB7F /* 贝瓦儿歌mp3-037 Pat a cake.MP3 in Resources */ = {isa = PBXBuildFile; fileRef = 30BFB46C26B39F3C0072DB7F /* 贝瓦儿歌mp3-037 Pat a cake.MP3 */; };
		30BFB47226B39F3C0072DB7F /* 贝瓦儿歌mp3-038 Old MacDonald.MP3 in Resources */ = {isa = PBXBuildFile; fileRef = 30BFB46D26B39F3C0072DB7F /* 贝瓦儿歌mp3-038 Old MacDonald.MP3 */; };
		30BFB47326B39F3C0072DB7F /* 贝瓦儿歌mp3-039 Ring around the rosy.MP3 in Resources */ = {isa = PBXBuildFile; fileRef = 30BFB46E26B39F3C0072DB7F /* 贝瓦儿歌mp3-039 Ring around the rosy.MP3 */; };
/* End PBXBuildFile section */

/* Begin PBXContainerItemProxy section */
		30584C0026C39CD60025A772 /* PBXContainerItemProxy */ = {
			isa = PBXContainerItemProxy;
			containerPortal = 3081924D26B0F3400022DB17 /* Project object */;
			proxyType = 1;
			remoteGlobalIDString = 30584BF026C39CD50025A772;
			remoteInfo = HealthQRExtension;
		};
/* End PBXContainerItemProxy section */

/* Begin PBXCopyFilesBuildPhase section */
		30584C0326C39CD60025A772 /* Embed App Extensions */ = {
			isa = PBXCopyFilesBuildPhase;
			buildActionMask = 2147483647;
			dstPath = "";
			dstSubfolderSpec = 13;
			files = (
				30584C0226C39CD60025A772 /* HealthQRExtension.appex in Embed App Extensions */,
			);
			name = "Embed App Extensions";
			runOnlyForDeploymentPostprocessing = 0;
		};
/* End PBXCopyFilesBuildPhase section */

/* Begin PBXFileReference section */
		30147FB029B0377700FD0D13 /* ChatGPTView.swift */ = {isa = PBXFileReference; lastKnownFileType = sourcecode.swift; path = ChatGPTView.swift; sourceTree = "<group>"; };
		3050199326C9FB7F00C58010 /* ImagePickerView.swift */ = {isa = PBXFileReference; lastKnownFileType = sourcecode.swift; path = ImagePickerView.swift; sourceTree = "<group>"; };
		30584BF126C39CD50025A772 /* HealthQRExtension.appex */ = {isa = PBXFileReference; explicitFileType = "wrapper.app-extension"; includeInIndex = 0; path = HealthQRExtension.appex; sourceTree = BUILT_PRODUCTS_DIR; };
		30584BF326C39CD50025A772 /* WidgetKit.framework */ = {isa = PBXFileReference; lastKnownFileType = wrapper.framework; name = WidgetKit.framework; path = System/Library/Frameworks/WidgetKit.framework; sourceTree = SDKROOT; };
		30584BF526C39CD50025A772 /* SwiftUI.framework */ = {isa = PBXFileReference; lastKnownFileType = wrapper.framework; name = SwiftUI.framework; path = System/Library/Frameworks/SwiftUI.framework; sourceTree = SDKROOT; };
		30584BF826C39CD50025A772 /* HealthQR.swift */ = {isa = PBXFileReference; lastKnownFileType = sourcecode.swift; path = HealthQR.swift; sourceTree = "<group>"; };
		30584BFA26C39CD50025A772 /* HealthQR.intentdefinition */ = {isa = PBXFileReference; lastKnownFileType = file.intentdefinition; path = HealthQR.intentdefinition; sourceTree = "<group>"; };
		30584BFB26C39CD60025A772 /* Assets.xcassets */ = {isa = PBXFileReference; lastKnownFileType = folder.assetcatalog; path = Assets.xcassets; sourceTree = "<group>"; };
		30584BFD26C39CD60025A772 /* Info.plist */ = {isa = PBXFileReference; lastKnownFileType = text.plist.xml; path = Info.plist; sourceTree = "<group>"; };
		30584C0726C3B0EE0025A772 /* HealthImageView.swift */ = {isa = PBXFileReference; lastKnownFileType = sourcecode.swift; path = HealthImageView.swift; sourceTree = "<group>"; };
		30584C0926C3B1E60025A772 /* 701628666462_.pic.jpg */ = {isa = PBXFileReference; lastKnownFileType = image.jpeg; path = 701628666462_.pic.jpg; sourceTree = "<group>"; };
		306190DC26BB707100140D41 /* familymart.mp3 */ = {isa = PBXFileReference; lastKnownFileType = audio.mp3; path = familymart.mp3; sourceTree = "<group>"; };
		306190DF26BB744800140D41 /* 1.MP3 */ = {isa = PBXFileReference; lastKnownFileType = audio.mp3; path = 1.MP3; sourceTree = "<group>"; };
		3061910726BB973E00140D41 /* 202104261601293757.png */ = {isa = PBXFileReference; lastKnownFileType = image.png; path = 202104261601293757.png; sourceTree = "<group>"; };
		3061910826BB973E00140D41 /* 202003191445351148.png */ = {isa = PBXFileReference; lastKnownFileType = image.png; path = 202003191445351148.png; sourceTree = "<group>"; };
		3061910926BB973E00140D41 /* 202010161656302443.png */ = {isa = PBXFileReference; lastKnownFileType = image.png; path = 202010161656302443.png; sourceTree = "<group>"; };
		3061910A26BB973E00140D41 /* 202003191442536617.png */ = {isa = PBXFileReference; lastKnownFileType = image.png; path = 202003191442536617.png; sourceTree = "<group>"; };
		3061910B26BB973E00140D41 /* 202003191441213571.png */ = {isa = PBXFileReference; lastKnownFileType = image.png; path = 202003191441213571.png; sourceTree = "<group>"; };
		3061910C26BB973E00140D41 /* 202005061003553790.png */ = {isa = PBXFileReference; lastKnownFileType = image.png; path = 202005061003553790.png; sourceTree = "<group>"; };
		3061910D26BB973E00140D41 /* 202010121523342804.png */ = {isa = PBXFileReference; lastKnownFileType = image.png; path = 202010121523342804.png; sourceTree = "<group>"; };
		3061910E26BB973E00140D41 /* 202003191444328139.png */ = {isa = PBXFileReference; lastKnownFileType = image.png; path = 202003191444328139.png; sourceTree = "<group>"; };
		3061910F26BB973E00140D41 /* 202003191445238413.png */ = {isa = PBXFileReference; lastKnownFileType = image.png; path = 202003191445238413.png; sourceTree = "<group>"; };
		3061911026BB973E00140D41 /* 201511061707075050.png */ = {isa = PBXFileReference; lastKnownFileType = image.png; path = 201511061707075050.png; sourceTree = "<group>"; };
		3061911126BB973E00140D41 /* 202104261601503435.png */ = {isa = PBXFileReference; lastKnownFileType = image.png; path = 202104261601503435.png; sourceTree = "<group>"; };
		3061911226BB973E00140D41 /* 202104251155083442.png */ = {isa = PBXFileReference; lastKnownFileType = image.png; path = 202104251155083442.png; sourceTree = "<group>"; };
		3061911326BB973E00140D41 /* 202003191431284513.png */ = {isa = PBXFileReference; lastKnownFileType = image.png; path = 202003191431284513.png; sourceTree = "<group>"; };
		3061911426BB973E00140D41 /* 202005270940031690.png */ = {isa = PBXFileReference; lastKnownFileType = image.png; path = 202005270940031690.png; sourceTree = "<group>"; };
		3061911526BB973E00140D41 /* 202003191446371767.png */ = {isa = PBXFileReference; lastKnownFileType = image.png; path = 202003191446371767.png; sourceTree = "<group>"; };
		3061911626BB973E00140D41 /* 202004291713404547.png */ = {isa = PBXFileReference; lastKnownFileType = image.png; path = 202004291713404547.png; sourceTree = "<group>"; };
		3061911726BB973E00140D41 /* 202104251154007356.png */ = {isa = PBXFileReference; lastKnownFileType = image.png; path = 202104251154007356.png; sourceTree = "<group>"; };
		3061911826BB973E00140D41 /* 202003191446258631.png */ = {isa = PBXFileReference; lastKnownFileType = image.png; path = 202003191446258631.png; sourceTree = "<group>"; };
		3061911C26BB973F00140D41 /* 202104191433067178.png */ = {isa = PBXFileReference; lastKnownFileType = image.png; path = 202104191433067178.png; sourceTree = "<group>"; };
		3061911D26BB973F00140D41 /* 202104191452168424.png */ = {isa = PBXFileReference; lastKnownFileType = image.png; path = 202104191452168424.png; sourceTree = "<group>"; };
		3061911E26BB973F00140D41 /* 202005270940173811.png */ = {isa = PBXFileReference; lastKnownFileType = image.png; path = 202005270940173811.png; sourceTree = "<group>"; };
		3061911F26BB973F00140D41 /* 201510282055166446.png */ = {isa = PBXFileReference; lastKnownFileType = image.png; path = 201510282055166446.png; sourceTree = "<group>"; };
		3061912026BB973F00140D41 /* 202104191445236993.png */ = {isa = PBXFileReference; lastKnownFileType = image.png; path = 202104191445236993.png; sourceTree = "<group>"; };
		3061912126BB973F00140D41 /* 202104191438226276.png */ = {isa = PBXFileReference; lastKnownFileType = image.png; path = 202104191438226276.png; sourceTree = "<group>"; };
		3061912226BB973F00140D41 /* 202104191559028030.png */ = {isa = PBXFileReference; lastKnownFileType = image.png; path = 202104191559028030.png; sourceTree = "<group>"; };
		3061912326BB973F00140D41 /* 201908131737148079.png */ = {isa = PBXFileReference; lastKnownFileType = image.png; path = 201908131737148079.png; sourceTree = "<group>"; };
		3061912426BB973F00140D41 /* 202104191456165259.png */ = {isa = PBXFileReference; lastKnownFileType = image.png; path = 202104191456165259.png; sourceTree = "<group>"; };
		3061912526BB973F00140D41 /* 201610141806169974.png */ = {isa = PBXFileReference; lastKnownFileType = image.png; path = 201610141806169974.png; sourceTree = "<group>"; };
		3061912626BB973F00140D41 /* 202003191433146156.png */ = {isa = PBXFileReference; lastKnownFileType = image.png; path = 202003191433146156.png; sourceTree = "<group>"; };
		3061912726BB973F00140D41 /* 202003191433289748.png */ = {isa = PBXFileReference; lastKnownFileType = image.png; path = 202003191433289748.png; sourceTree = "<group>"; };
		3061912826BB973F00140D41 /* 202104191549025113.png */ = {isa = PBXFileReference; lastKnownFileType = image.png; path = 202104191549025113.png; sourceTree = "<group>"; };
		3061912926BB973F00140D41 /* 201709121712579051.png */ = {isa = PBXFileReference; lastKnownFileType = image.png; path = 201709121712579051.png; sourceTree = "<group>"; };
		3061912A26BB973F00140D41 /* 202104191545314313.png */ = {isa = PBXFileReference; lastKnownFileType = image.png; path = 202104191545314313.png; sourceTree = "<group>"; };
		3061912B26BB973F00140D41 /* 202104191555596695.png */ = {isa = PBXFileReference; lastKnownFileType = image.png; path = 202104191555596695.png; sourceTree = "<group>"; };
		3061913526BB974000140D41 /* 202104151852206510.png */ = {isa = PBXFileReference; lastKnownFileType = image.png; path = 202104151852206510.png; sourceTree = "<group>"; };
		3061913626BB974000140D41 /* 201709081712171757.png */ = {isa = PBXFileReference; lastKnownFileType = image.png; path = 201709081712171757.png; sourceTree = "<group>"; };
		3061913726BB974000140D41 /* 202005061021247170.png */ = {isa = PBXFileReference; lastKnownFileType = image.png; path = 202005061021247170.png; sourceTree = "<group>"; };
		3061913826BB974000140D41 /* 201511061723077048.png */ = {isa = PBXFileReference; lastKnownFileType = image.png; path = 201511061723077048.png; sourceTree = "<group>"; };
		3061913926BB974000140D41 /* 202005061027391479.png */ = {isa = PBXFileReference; lastKnownFileType = image.png; path = 202005061027391479.png; sourceTree = "<group>"; };
		3061913A26BB974000140D41 /* 202104191526391210.png */ = {isa = PBXFileReference; lastKnownFileType = image.png; path = 202104191526391210.png; sourceTree = "<group>"; };
		3061913B26BB974000140D41 /* 201511061654225468.png */ = {isa = PBXFileReference; lastKnownFileType = image.png; path = 201511061654225468.png; sourceTree = "<group>"; };
		3061913C26BB974000140D41 /* 202104191521441185.png */ = {isa = PBXFileReference; lastKnownFileType = image.png; path = 202104191521441185.png; sourceTree = "<group>"; };
		3061913D26BB974000140D41 /* 201610181552401579.png */ = {isa = PBXFileReference; lastKnownFileType = image.png; path = 201610181552401579.png; sourceTree = "<group>"; };
		3061913E26BB974000140D41 /* 201908271032169362.png */ = {isa = PBXFileReference; lastKnownFileType = image.png; path = 201908271032169362.png; sourceTree = "<group>"; };
		3061913F26BB974000140D41 /* 201610141825068448.png */ = {isa = PBXFileReference; lastKnownFileType = image.png; path = 201610141825068448.png; sourceTree = "<group>"; };
		3061914126BB974000140D41 /* 202104191500563514.png */ = {isa = PBXFileReference; lastKnownFileType = image.png; path = 202104191500563514.png; sourceTree = "<group>"; };
		3061914226BB974000140D41 /* 201709081713313851.png */ = {isa = PBXFileReference; lastKnownFileType = image.png; path = 201709081713313851.png; sourceTree = "<group>"; };
		3061914326BB974000140D41 /* 201511061722302213.png */ = {isa = PBXFileReference; lastKnownFileType = image.png; path = 201511061722302213.png; sourceTree = "<group>"; };
		3061914426BB974000140D41 /* 202104191514165145.png */ = {isa = PBXFileReference; lastKnownFileType = image.png; path = 202104191514165145.png; sourceTree = "<group>"; };
		3061914526BB974000140D41 /* 202005061031176823.png */ = {isa = PBXFileReference; lastKnownFileType = image.png; path = 202005061031176823.png; sourceTree = "<group>"; };
		3061914626BB974000140D41 /* 201511061655104476.png */ = {isa = PBXFileReference; lastKnownFileType = image.png; path = 201511061655104476.png; sourceTree = "<group>"; };
		3061914726BB974000140D41 /* 201709081710371818.png */ = {isa = PBXFileReference; lastKnownFileType = image.png; path = 201709081710371818.png; sourceTree = "<group>"; };
		3061914826BB974000140D41 /* 201511061658408782.png */ = {isa = PBXFileReference; lastKnownFileType = image.png; path = 201511061658408782.png; sourceTree = "<group>"; };
		3061914926BB974000140D41 /* 201511061658221610.png */ = {isa = PBXFileReference; lastKnownFileType = image.png; path = 201511061658221610.png; sourceTree = "<group>"; };
		3061914A26BB974000140D41 /* 202005061023475981.png */ = {isa = PBXFileReference; lastKnownFileType = image.png; path = 202005061023475981.png; sourceTree = "<group>"; };
		3061914B26BB974000140D41 /* 202005061029316017.png */ = {isa = PBXFileReference; lastKnownFileType = image.png; path = 202005061029316017.png; sourceTree = "<group>"; };
		3061914C26BB974000140D41 /* 201511061657219723.png */ = {isa = PBXFileReference; lastKnownFileType = image.png; path = 201511061657219723.png; sourceTree = "<group>"; };
		3061915226BB974100140D41 /* 201511061811032770.png */ = {isa = PBXFileReference; lastKnownFileType = image.png; path = 201511061811032770.png; sourceTree = "<group>"; };
		3061915326BB974100140D41 /* 201511061812111837.png */ = {isa = PBXFileReference; lastKnownFileType = image.png; path = 201511061812111837.png; sourceTree = "<group>"; };
		3061915426BB974100140D41 /* 202008121131147367.png */ = {isa = PBXFileReference; lastKnownFileType = image.png; path = 202008121131147367.png; sourceTree = "<group>"; };
		3061915526BB974100140D41 /* 202003191452518874.png */ = {isa = PBXFileReference; lastKnownFileType = image.png; path = 202003191452518874.png; sourceTree = "<group>"; };
		3061915626BB974100140D41 /* 202005270940331482.png */ = {isa = PBXFileReference; lastKnownFileType = image.png; path = 202005270940331482.png; sourceTree = "<group>"; };
		3061915726BB974100140D41 /* 201511061813048606.png */ = {isa = PBXFileReference; lastKnownFileType = image.png; path = 201511061813048606.png; sourceTree = "<group>"; };
		3061915826BB974100140D41 /* 202008121038059059.png */ = {isa = PBXFileReference; lastKnownFileType = image.png; path = 202008121038059059.png; sourceTree = "<group>"; };
		3061915926BB974100140D41 /* 201511061823032589.png */ = {isa = PBXFileReference; lastKnownFileType = image.png; path = 201511061823032589.png; sourceTree = "<group>"; };
		3061915A26BB974100140D41 /* 202008111503424528.png */ = {isa = PBXFileReference; lastKnownFileType = image.png; path = 202008111503424528.png; sourceTree = "<group>"; };
		3061915B26BB974100140D41 /* 202003191452306697.png */ = {isa = PBXFileReference; lastKnownFileType = image.png; path = 202003191452306697.png; sourceTree = "<group>"; };
		3061915C26BB974100140D41 /* 202003191451424311.png */ = {isa = PBXFileReference; lastKnownFileType = image.png; path = 202003191451424311.png; sourceTree = "<group>"; };
		3061915D26BB974100140D41 /* 202104191417454534.png */ = {isa = PBXFileReference; lastKnownFileType = image.png; path = 202104191417454534.png; sourceTree = "<group>"; };
		3061915E26BB974100140D41 /* 202006171817102529.png */ = {isa = PBXFileReference; lastKnownFileType = image.png; path = 202006171817102529.png; sourceTree = "<group>"; };
		3061915F26BB974100140D41 /* 201602171846327169.png */ = {isa = PBXFileReference; lastKnownFileType = image.png; path = 201602171846327169.png; sourceTree = "<group>"; };
		3061916026BB974100140D41 /* 202005191151344606.png */ = {isa = PBXFileReference; lastKnownFileType = image.png; path = 202005191151344606.png; sourceTree = "<group>"; };
		3061916126BB974100140D41 /* 202005191139581600.png */ = {isa = PBXFileReference; lastKnownFileType = image.png; path = 202005191139581600.png; sourceTree = "<group>"; };
		3061916226BB974100140D41 /* 201910101708405246.png */ = {isa = PBXFileReference; lastKnownFileType = image.png; path = 201910101708405246.png; sourceTree = "<group>"; };
		3061916326BB974100140D41 /* 202005191150116099.png */ = {isa = PBXFileReference; lastKnownFileType = image.png; path = 202005191150116099.png; sourceTree = "<group>"; };
		3061916426BB974100140D41 /* 201709121553526409.png */ = {isa = PBXFileReference; lastKnownFileType = image.png; path = 201709121553526409.png; sourceTree = "<group>"; };
		3061916526BB974100140D41 /* 202003191453303469.png */ = {isa = PBXFileReference; lastKnownFileType = image.png; path = 202003191453303469.png; sourceTree = "<group>"; };
		3061917E26BB974300140D41 /* 202003191434387453.png */ = {isa = PBXFileReference; lastKnownFileType = image.png; path = 202003191434387453.png; sourceTree = "<group>"; };
		3061917F26BB974300140D41 /* 201511061801006455.png */ = {isa = PBXFileReference; lastKnownFileType = image.png; path = 201511061801006455.png; sourceTree = "<group>"; };
		3061918026BB974300140D41 /* 202003191510126381.png */ = {isa = PBXFileReference; lastKnownFileType = image.png; path = 202003191510126381.png; sourceTree = "<group>"; };
		3061918126BB974300140D41 /* 202003191449258974.png */ = {isa = PBXFileReference; lastKnownFileType = image.png; path = 202003191449258974.png; sourceTree = "<group>"; };
		3061918326BB974300140D41 /* 202005270949182813.png */ = {isa = PBXFileReference; lastKnownFileType = image.png; path = 202005270949182813.png; sourceTree = "<group>"; };
		3061918426BB974300140D41 /* 202003191447419769.png */ = {isa = PBXFileReference; lastKnownFileType = image.png; path = 202003191447419769.png; sourceTree = "<group>"; };
		3061918526BB974300140D41 /* 202003191447495324.png */ = {isa = PBXFileReference; lastKnownFileType = image.png; path = 202003191447495324.png; sourceTree = "<group>"; };
		3061918626BB974300140D41 /* mcd-logo.jpg */ = {isa = PBXFileReference; lastKnownFileType = image.jpeg; path = "mcd-logo.jpg"; sourceTree = "<group>"; };
		3061918C26BB974300140D41 /* header-mobile-bg.png */ = {isa = PBXFileReference; lastKnownFileType = image.png; path = "header-mobile-bg.png"; sourceTree = "<group>"; };
		3061919726BB974400140D41 /* 201909241723061060.png */ = {isa = PBXFileReference; lastKnownFileType = image.png; path = 201909241723061060.png; sourceTree = "<group>"; };
		3061919826BB974400140D41 /* 201909252240384287.png */ = {isa = PBXFileReference; lastKnownFileType = image.png; path = 201909252240384287.png; sourceTree = "<group>"; };
		3061919926BB974400140D41 /* 201709121554229917.png */ = {isa = PBXFileReference; lastKnownFileType = image.png; path = 201709121554229917.png; sourceTree = "<group>"; };
		3061919A26BB974400140D41 /* 201909252152393066.png */ = {isa = PBXFileReference; lastKnownFileType = image.png; path = 201909252152393066.png; sourceTree = "<group>"; };
		3061919B26BB974400140D41 /* 201709111305502404.png */ = {isa = PBXFileReference; lastKnownFileType = image.png; path = 201709111305502404.png; sourceTree = "<group>"; };
		3061919C26BB974400140D41 /* 201709091948435796.png */ = {isa = PBXFileReference; lastKnownFileType = image.png; path = 201709091948435796.png; sourceTree = "<group>"; };
		3061919D26BB974400140D41 /* 201909241658187803.png */ = {isa = PBXFileReference; lastKnownFileType = image.png; path = 201909241658187803.png; sourceTree = "<group>"; };
		3061919E26BB974400140D41 /* 201909261438192618.png */ = {isa = PBXFileReference; lastKnownFileType = image.png; path = 201909261438192618.png; sourceTree = "<group>"; };
		3061919F26BB974400140D41 /* 201909241741122130.png */ = {isa = PBXFileReference; lastKnownFileType = image.png; path = 201909241741122130.png; sourceTree = "<group>"; };
		306191A026BB974400140D41 /* 201709091945021754.png */ = {isa = PBXFileReference; lastKnownFileType = image.png; path = 201709091945021754.png; sourceTree = "<group>"; };
		3061925F26BBB16400140D41 /* McdView.swift */ = {isa = PBXFileReference; lastKnownFileType = sourcecode.swift; path = McdView.swift; sourceTree = "<group>"; };
		3061926326BBC75B00140D41 /* hanbao.bundle */ = {isa = PBXFileReference; lastKnownFileType = "wrapper.plug-in"; path = hanbao.bundle; sourceTree = "<group>"; };
		3061926726BBE59900140D41 /* mdl.json */ = {isa = PBXFileReference; lastKnownFileType = text.json; path = mdl.json; sourceTree = "<group>"; };
		3061926B26BBE6DF00140D41 /* ProductSection.swift */ = {isa = PBXFileReference; fileEncoding = 4; lastKnownFileType = sourcecode.swift; path = ProductSection.swift; sourceTree = "<group>"; };
		3061926C26BBE6DF00140D41 /* JSONSchemaSupport.swift */ = {isa = PBXFileReference; fileEncoding = 4; lastKnownFileType = sourcecode.swift; path = JSONSchemaSupport.swift; sourceTree = "<group>"; };
		3061926D26BBE6DF00140D41 /* Specification.swift */ = {isa = PBXFileReference; fileEncoding = 4; lastKnownFileType = sourcecode.swift; path = Specification.swift; sourceTree = "<group>"; };
		3061926E26BBE6DF00140D41 /* Product.swift */ = {isa = PBXFileReference; fileEncoding = 4; lastKnownFileType = sourcecode.swift; path = Product.swift; sourceTree = "<group>"; };
		3067DC3327D5B07F00DA339E /* PhotoListView.swift */ = {isa = PBXFileReference; lastKnownFileType = sourcecode.swift; path = PhotoListView.swift; sourceTree = "<group>"; };
		3081925526B0F3400022DB17 /* kidsland.app */ = {isa = PBXFileReference; explicitFileType = wrapper.application; includeInIndex = 0; path = kidsland.app; sourceTree = BUILT_PRODUCTS_DIR; };
		3081925826B0F3400022DB17 /* kidslandApp.swift */ = {isa = PBXFileReference; lastKnownFileType = sourcecode.swift; path = kidslandApp.swift; sourceTree = "<group>"; };
		3081925A26B0F3400022DB17 /* ContentView.swift */ = {isa = PBXFileReference; lastKnownFileType = sourcecode.swift; path = ContentView.swift; sourceTree = "<group>"; };
		3081925C26B0F3420022DB17 /* Assets.xcassets */ = {isa = PBXFileReference; lastKnownFileType = folder.assetcatalog; path = Assets.xcassets; sourceTree = "<group>"; };
		3081925F26B0F3420022DB17 /* Preview Assets.xcassets */ = {isa = PBXFileReference; lastKnownFileType = folder.assetcatalog; path = "Preview Assets.xcassets"; sourceTree = "<group>"; };
		3081926126B0F3420022DB17 /* Info.plist */ = {isa = PBXFileReference; lastKnownFileType = text.plist.xml; path = Info.plist; sourceTree = "<group>"; };
		3081927026B0FE990022DB17 /* ScanView.swift */ = {isa = PBXFileReference; lastKnownFileType = sourcecode.swift; path = ScanView.swift; sourceTree = "<group>"; };
		3081927526B140E00022DB17 /* EngLearnView.swift */ = {isa = PBXFileReference; lastKnownFileType = sourcecode.swift; path = EngLearnView.swift; sourceTree = "<group>"; };
		3081927826B14E4D0022DB17 /* MathLearnView.swift */ = {isa = PBXFileReference; lastKnownFileType = sourcecode.swift; path = MathLearnView.swift; sourceTree = "<group>"; };
		309C3F6326DF4ADA00F65F4A /* kidsland.entitlements */ = {isa = PBXFileReference; lastKnownFileType = text.plist.entitlements; path = kidsland.entitlements; sourceTree = "<group>"; };
		309C3F6426DF4ADA00F65F4A /* NetworkExtension.framework */ = {isa = PBXFileReference; lastKnownFileType = wrapper.framework; name = NetworkExtension.framework; path = System/Library/Frameworks/NetworkExtension.framework; sourceTree = SDKROOT; };
		309C3F6626DF4DF000F65F4A /* WIFIHelper.swift */ = {isa = PBXFileReference; lastKnownFileType = sourcecode.swift; path = WIFIHelper.swift; sourceTree = "<group>"; };
		30BFB45326B29A460072DB7F /* PlayerView.swift */ = {isa = PBXFileReference; fileEncoding = 4; lastKnownFileType = sourcecode.swift; path = PlayerView.swift; sourceTree = "<group>"; };
		30BFB45626B29A470072DB7F /* Song.swift */ = {isa = PBXFileReference; fileEncoding = 4; lastKnownFileType = sourcecode.swift; path = Song.swift; sourceTree = "<group>"; };
		30BFB46326B29B9E0072DB7F /* SwiftyJSON.swift */ = {isa = PBXFileReference; fileEncoding = 4; lastKnownFileType = sourcecode.swift; path = SwiftyJSON.swift; sourceTree = "<group>"; };
		30BFB46A26B39F3C0072DB7F /* 贝瓦儿歌mp3-040 The Months.MP3 */ = {isa = PBXFileReference; lastKnownFileType = audio.mp3; path = "贝瓦儿歌mp3-040 The Months.MP3"; sourceTree = "<group>"; };
		30BFB46B26B39F3C0072DB7F /* 贝瓦儿歌mp3-036 If you are happy.MP3 */ = {isa = PBXFileReference; lastKnownFileType = audio.mp3; path = "贝瓦儿歌mp3-036 If you are happy.MP3"; sourceTree = "<group>"; };
		30BFB46C26B39F3C0072DB7F /* 贝瓦儿歌mp3-037 Pat a cake.MP3 */ = {isa = PBXFileReference; lastKnownFileType = audio.mp3; path = "贝瓦儿歌mp3-037 Pat a cake.MP3"; sourceTree = "<group>"; };
		30BFB46D26B39F3C0072DB7F /* 贝瓦儿歌mp3-038 Old MacDonald.MP3 */ = {isa = PBXFileReference; lastKnownFileType = audio.mp3; path = "贝瓦儿歌mp3-038 Old MacDonald.MP3"; sourceTree = "<group>"; };
		30BFB46E26B39F3C0072DB7F /* 贝瓦儿歌mp3-039 Ring around the rosy.MP3 */ = {isa = PBXFileReference; lastKnownFileType = audio.mp3; path = "贝瓦儿歌mp3-039 Ring around the rosy.MP3"; sourceTree = "<group>"; };
/* End PBXFileReference section */

/* Begin PBXFrameworksBuildPhase section */
		30584BEE26C39CD50025A772 /* Frameworks */ = {
			isa = PBXFrameworksBuildPhase;
			buildActionMask = 2147483647;
			files = (
				30584BF626C39CD50025A772 /* SwiftUI.framework in Frameworks */,
				30584BF426C39CD50025A772 /* WidgetKit.framework in Frameworks */,
			);
			runOnlyForDeploymentPostprocessing = 0;
		};
		3081925226B0F3400022DB17 /* Frameworks */ = {
			isa = PBXFrameworksBuildPhase;
			buildActionMask = 2147483647;
			files = (
				309C3F6526DF4ADA00F65F4A /* NetworkExtension.framework in Frameworks */,
				3061927826BCE02F00140D41 /* Kingfisher in Frameworks */,
				30BFB46026B29B680072DB7F /* SDWebImageSwiftUI in Frameworks */,
				3081926E26B0FD300022DB17 /* CarBode in Frameworks */,
			);
			runOnlyForDeploymentPostprocessing = 0;
		};
/* End PBXFrameworksBuildPhase section */

/* Begin PBXGroup section */
		30584BF226C39CD50025A772 /* Frameworks */ = {
			isa = PBXGroup;
			children = (
				309C3F6426DF4ADA00F65F4A /* NetworkExtension.framework */,
				30584BF326C39CD50025A772 /* WidgetKit.framework */,
				30584BF526C39CD50025A772 /* SwiftUI.framework */,
			);
			name = Frameworks;
			sourceTree = "<group>";
		};
		30584BF726C39CD50025A772 /* HealthQR */ = {
			isa = PBXGroup;
			children = (
				30584BFA26C39CD50025A772 /* HealthQR.intentdefinition */,
				30584BF826C39CD50025A772 /* HealthQR.swift */,
				30584BFB26C39CD60025A772 /* Assets.xcassets */,
				30584BFD26C39CD60025A772 /* Info.plist */,
			);
			path = HealthQR;
			sourceTree = "<group>";
		};
		3061910626BB973E00140D41 /* 汉堡 _ 麦当劳官网 */ = {
			isa = PBXGroup;
			children = (
				3061910726BB973E00140D41 /* 202104261601293757.png */,
				3061910826BB973E00140D41 /* 202003191445351148.png */,
				3061910926BB973E00140D41 /* 202010161656302443.png */,
				3061910A26BB973E00140D41 /* 202003191442536617.png */,
				3061910B26BB973E00140D41 /* 202003191441213571.png */,
				3061910C26BB973E00140D41 /* 202005061003553790.png */,
				3061910D26BB973E00140D41 /* 202010121523342804.png */,
				3061910E26BB973E00140D41 /* 202003191444328139.png */,
				3061910F26BB973E00140D41 /* 202003191445238413.png */,
				3061911026BB973E00140D41 /* 201511061707075050.png */,
				3061911126BB973E00140D41 /* 202104261601503435.png */,
				3061911226BB973E00140D41 /* 202104251155083442.png */,
				3061911326BB973E00140D41 /* 202003191431284513.png */,
				3061911426BB973E00140D41 /* 202005270940031690.png */,
				3061911526BB973E00140D41 /* 202003191446371767.png */,
				3061911626BB973E00140D41 /* 202004291713404547.png */,
				3061911726BB973E00140D41 /* 202104251154007356.png */,
				3061911826BB973E00140D41 /* 202003191446258631.png */,
			);
			path = "汉堡 _ 麦当劳官网";
			sourceTree = "<group>";
		};
		3061911B26BB973F00140D41 /* dessert */ = {
			isa = PBXGroup;
			children = (
				3061911C26BB973F00140D41 /* 202104191433067178.png */,
				3061911D26BB973F00140D41 /* 202104191452168424.png */,
				3061911E26BB973F00140D41 /* 202005270940173811.png */,
				3061911F26BB973F00140D41 /* 201510282055166446.png */,
				3061912026BB973F00140D41 /* 202104191445236993.png */,
				3061912126BB973F00140D41 /* 202104191438226276.png */,
				3061912226BB973F00140D41 /* 202104191559028030.png */,
				3061912326BB973F00140D41 /* 201908131737148079.png */,
				3061912426BB973F00140D41 /* 202104191456165259.png */,
				3061912526BB973F00140D41 /* 201610141806169974.png */,
				3061912626BB973F00140D41 /* 202003191433146156.png */,
				3061912726BB973F00140D41 /* 202003191433289748.png */,
				3061912826BB973F00140D41 /* 202104191549025113.png */,
				3061912926BB973F00140D41 /* 201709121712579051.png */,
				3061912A26BB973F00140D41 /* 202104191545314313.png */,
				3061912B26BB973F00140D41 /* 202104191555596695.png */,
			);
			path = dessert;
			sourceTree = "<group>";
		};
		3061913426BB974000140D41 /* 早餐 _ 麦当劳官网 */ = {
			isa = PBXGroup;
			children = (
				3061913526BB974000140D41 /* 202104151852206510.png */,
				3061913626BB974000140D41 /* 201709081712171757.png */,
				3061913726BB974000140D41 /* 202005061021247170.png */,
				3061913826BB974000140D41 /* 201511061723077048.png */,
				3061913926BB974000140D41 /* 202005061027391479.png */,
				3061913A26BB974000140D41 /* 202104191526391210.png */,
				3061913B26BB974000140D41 /* 201511061654225468.png */,
				3061913C26BB974000140D41 /* 202104191521441185.png */,
				3061913D26BB974000140D41 /* 201610181552401579.png */,
				3061913E26BB974000140D41 /* 201908271032169362.png */,
				3061913F26BB974000140D41 /* 201610141825068448.png */,
				3061914126BB974000140D41 /* 202104191500563514.png */,
				3061914226BB974000140D41 /* 201709081713313851.png */,
				3061914326BB974000140D41 /* 201511061722302213.png */,
				3061914426BB974000140D41 /* 202104191514165145.png */,
				3061914526BB974000140D41 /* 202005061031176823.png */,
				3061914626BB974000140D41 /* 201511061655104476.png */,
				3061914726BB974000140D41 /* 201709081710371818.png */,
				3061914826BB974000140D41 /* 201511061658408782.png */,
				3061914926BB974000140D41 /* 201511061658221610.png */,
				3061914A26BB974000140D41 /* 202005061023475981.png */,
				3061914B26BB974000140D41 /* 202005061029316017.png */,
				3061914C26BB974000140D41 /* 201511061657219723.png */,
			);
			path = "早餐 _ 麦当劳官网";
			sourceTree = "<group>";
		};
		3061915126BB974100140D41 /* 饮料 _ 麦当劳官网 */ = {
			isa = PBXGroup;
			children = (
				3061915226BB974100140D41 /* 201511061811032770.png */,
				3061915326BB974100140D41 /* 201511061812111837.png */,
				3061915426BB974100140D41 /* 202008121131147367.png */,
				3061915526BB974100140D41 /* 202003191452518874.png */,
				3061915626BB974100140D41 /* 202005270940331482.png */,
				3061915726BB974100140D41 /* 201511061813048606.png */,
				3061915826BB974100140D41 /* 202008121038059059.png */,
				3061915926BB974100140D41 /* 201511061823032589.png */,
				3061915A26BB974100140D41 /* 202008111503424528.png */,
				3061915B26BB974100140D41 /* 202003191452306697.png */,
				3061915C26BB974100140D41 /* 202003191451424311.png */,
				3061915D26BB974100140D41 /* 202104191417454534.png */,
				3061915E26BB974100140D41 /* 202006171817102529.png */,
				3061915F26BB974100140D41 /* 201602171846327169.png */,
				3061916026BB974100140D41 /* 202005191151344606.png */,
				3061916126BB974100140D41 /* 202005191139581600.png */,
				3061916226BB974100140D41 /* 201910101708405246.png */,
				3061916326BB974100140D41 /* 202005191150116099.png */,
				3061916426BB974100140D41 /* 201709121553526409.png */,
				3061916526BB974100140D41 /* 202003191453303469.png */,
			);
			path = "饮料 _ 麦当劳官网";
			sourceTree = "<group>";
		};
		3061917D26BB974300140D41 /* 甜品 _ 麦当劳官网 */ = {
			isa = PBXGroup;
			children = (
				3061917E26BB974300140D41 /* 202003191434387453.png */,
				3061917F26BB974300140D41 /* 201511061801006455.png */,
				3061918026BB974300140D41 /* 202003191510126381.png */,
				3061918126BB974300140D41 /* 202003191449258974.png */,
				3061918326BB974300140D41 /* 202005270949182813.png */,
				3061918426BB974300140D41 /* 202003191447419769.png */,
				3061918526BB974300140D41 /* 202003191447495324.png */,
			);
			path = "甜品 _ 麦当劳官网";
			sourceTree = "<group>";
		};
		3061919626BB974400140D41 /* 开心乐园餐 _ 麦当劳官网 */ = {
			isa = PBXGroup;
			children = (
				3061919726BB974400140D41 /* 201909241723061060.png */,
				3061919826BB974400140D41 /* 201909252240384287.png */,
				3061919926BB974400140D41 /* 201709121554229917.png */,
				3061919A26BB974400140D41 /* 201909252152393066.png */,
				3061919B26BB974400140D41 /* 201709111305502404.png */,
				3061919C26BB974400140D41 /* 201709091948435796.png */,
				3061919D26BB974400140D41 /* 201909241658187803.png */,
				3061919E26BB974400140D41 /* 201909261438192618.png */,
				3061919F26BB974400140D41 /* 201909241741122130.png */,
				306191A026BB974400140D41 /* 201709091945021754.png */,
			);
			path = "开心乐园餐 _ 麦当劳官网";
			sourceTree = "<group>";
		};
		3061926A26BBE6DF00140D41 /* Model */ = {
			isa = PBXGroup;
			children = (
				3061926B26BBE6DF00140D41 /* ProductSection.swift */,
				3061926C26BBE6DF00140D41 /* JSONSchemaSupport.swift */,
				3061926D26BBE6DF00140D41 /* Specification.swift */,
				3061926E26BBE6DF00140D41 /* Product.swift */,
			);
			path = Model;
			sourceTree = "<group>";
		};
		3081924C26B0F3400022DB17 = {
			isa = PBXGroup;
			children = (
				3081925726B0F3400022DB17 /* kidsland */,
				30584BF726C39CD50025A772 /* HealthQR */,
				30584BF226C39CD50025A772 /* Frameworks */,
				3081925626B0F3400022DB17 /* Products */,
			);
			sourceTree = "<group>";
		};
		3081925626B0F3400022DB17 /* Products */ = {
			isa = PBXGroup;
			children = (
				3081925526B0F3400022DB17 /* kidsland.app */,
				30584BF126C39CD50025A772 /* HealthQRExtension.appex */,
			);
			name = Products;
			sourceTree = "<group>";
		};
		3081925726B0F3400022DB17 /* kidsland */ = {
			isa = PBXGroup;
			children = (
				309C3F6326DF4ADA00F65F4A /* kidsland.entitlements */,
				3061926A26BBE6DF00140D41 /* Model */,
				30BFB46926B39F3C0072DB7F /* Resources */,
				30BFB46226B29B940072DB7F /* Utils */,
				30BFB45C26B29A560072DB7F /* audio */,
				3081925826B0F3400022DB17 /* kidslandApp.swift */,
				3081925A26B0F3400022DB17 /* ContentView.swift */,
				30BFB46626B29E240072DB7F /* Section */,
				3081925C26B0F3420022DB17 /* Assets.xcassets */,
				3081926126B0F3420022DB17 /* Info.plist */,
				3081925E26B0F3420022DB17 /* Preview Content */,
			);
			path = kidsland;
			sourceTree = "<group>";
		};
		3081925E26B0F3420022DB17 /* Preview Content */ = {
			isa = PBXGroup;
			children = (
				3081925F26B0F3420022DB17 /* Preview Assets.xcassets */,
			);
			path = "Preview Content";
			sourceTree = "<group>";
		};
		30BFB45C26B29A560072DB7F /* audio */ = {
			isa = PBXGroup;
			children = (
				30BFB45326B29A460072DB7F /* PlayerView.swift */,
				30BFB45626B29A470072DB7F /* Song.swift */,
			);
			path = audio;
			sourceTree = "<group>";
		};
		30BFB46226B29B940072DB7F /* Utils */ = {
			isa = PBXGroup;
			children = (
				30BFB46326B29B9E0072DB7F /* SwiftyJSON.swift */,
				3050199326C9FB7F00C58010 /* ImagePickerView.swift */,
				309C3F6626DF4DF000F65F4A /* WIFIHelper.swift */,
			);
			path = Utils;
			sourceTree = "<group>";
		};
		30BFB46626B29E240072DB7F /* Section */ = {
			isa = PBXGroup;
			children = (
				3081927026B0FE990022DB17 /* ScanView.swift */,
				3081927526B140E00022DB17 /* EngLearnView.swift */,
				3081927826B14E4D0022DB17 /* MathLearnView.swift */,
				3061925F26BBB16400140D41 /* McdView.swift */,
				30584C0726C3B0EE0025A772 /* HealthImageView.swift */,
				3067DC3327D5B07F00DA339E /* PhotoListView.swift */,
				30147FB029B0377700FD0D13 /* ChatGPTView.swift */,
			);
			path = Section;
			sourceTree = "<group>";
		};
		30BFB46926B39F3C0072DB7F /* Resources */ = {
			isa = PBXGroup;
			children = (
				30584C0926C3B1E60025A772 /* 701628666462_.pic.jpg */,
				3061910626BB973E00140D41 /* 汉堡 _ 麦当劳官网 */,
				3061919626BB974400140D41 /* 开心乐园餐 _ 麦当劳官网 */,
				3061917D26BB974300140D41 /* 甜品 _ 麦当劳官网 */,
				3061911B26BB973F00140D41 /* dessert */,
				3061915126BB974100140D41 /* 饮料 _ 麦当劳官网 */,
				3061913426BB974000140D41 /* 早餐 _ 麦当劳官网 */,
				3061918C26BB974300140D41 /* header-mobile-bg.png */,
				3061918626BB974300140D41 /* mcd-logo.jpg */,
				306190DF26BB744800140D41 /* 1.MP3 */,
				306190DC26BB707100140D41 /* familymart.mp3 */,
				30BFB46A26B39F3C0072DB7F /* 贝瓦儿歌mp3-040 The Months.MP3 */,
				30BFB46B26B39F3C0072DB7F /* 贝瓦儿歌mp3-036 If you are happy.MP3 */,
				30BFB46C26B39F3C0072DB7F /* 贝瓦儿歌mp3-037 Pat a cake.MP3 */,
				30BFB46D26B39F3C0072DB7F /* 贝瓦儿歌mp3-038 Old MacDonald.MP3 */,
				30BFB46E26B39F3C0072DB7F /* 贝瓦儿歌mp3-039 Ring around the rosy.MP3 */,
				3061926326BBC75B00140D41 /* hanbao.bundle */,
				3061926726BBE59900140D41 /* mdl.json */,
			);
			path = Resources;
			sourceTree = "<group>";
		};
/* End PBXGroup section */

/* Begin PBXNativeTarget section */
		30584BF026C39CD50025A772 /* HealthQRExtension */ = {
			isa = PBXNativeTarget;
			buildConfigurationList = 30584C0626C39CD60025A772 /* Build configuration list for PBXNativeTarget "HealthQRExtension" */;
			buildPhases = (
				30584BED26C39CD50025A772 /* Sources */,
				30584BEE26C39CD50025A772 /* Frameworks */,
				30584BEF26C39CD50025A772 /* Resources */,
			);
			buildRules = (
			);
			dependencies = (
			);
			name = HealthQRExtension;
			productName = HealthQRExtension;
			productReference = 30584BF126C39CD50025A772 /* HealthQRExtension.appex */;
			productType = "com.apple.product-type.app-extension";
		};
		3081925426B0F3400022DB17 /* kidsland */ = {
			isa = PBXNativeTarget;
			buildConfigurationList = 3081926426B0F3420022DB17 /* Build configuration list for PBXNativeTarget "kidsland" */;
			buildPhases = (
				3081925126B0F3400022DB17 /* Sources */,
				3081925226B0F3400022DB17 /* Frameworks */,
				3081925326B0F3400022DB17 /* Resources */,
				30584C0326C39CD60025A772 /* Embed App Extensions */,
			);
			buildRules = (
			);
			dependencies = (
				30584C0126C39CD60025A772 /* PBXTargetDependency */,
			);
			name = kidsland;
			packageProductDependencies = (
				3081926D26B0FD300022DB17 /* CarBode */,
				30BFB45F26B29B680072DB7F /* SDWebImageSwiftUI */,
				3061927726BCE02F00140D41 /* Kingfisher */,
			);
			productName = kidsland;
			productReference = 3081925526B0F3400022DB17 /* kidsland.app */;
			productType = "com.apple.product-type.application";
		};
/* End PBXNativeTarget section */

/* Begin PBXProject section */
		3081924D26B0F3400022DB17 /* Project object */ = {
			isa = PBXProject;
			attributes = {
				LastSwiftUpdateCheck = 1250;
				LastUpgradeCheck = 1240;
				TargetAttributes = {
					30584BF026C39CD50025A772 = {
						CreatedOnToolsVersion = 12.5.1;
					};
					3081925426B0F3400022DB17 = {
						CreatedOnToolsVersion = 12.4;
					};
				};
			};
			buildConfigurationList = 3081925026B0F3400022DB17 /* Build configuration list for PBXProject "kidsland" */;
			compatibilityVersion = "Xcode 9.3";
			developmentRegion = en;
			hasScannedForEncodings = 0;
			knownRegions = (
				en,
				Base,
			);
			mainGroup = 3081924C26B0F3400022DB17;
			packageReferences = (
				3081926C26B0FD300022DB17 /* XCRemoteSwiftPackageReference "CarBode-Barcode-Scanner-For-SwiftUI" */,
				30BFB45E26B29B680072DB7F /* XCRemoteSwiftPackageReference "SDWebImageSwiftUI" */,
				3061927626BCE02F00140D41 /* XCRemoteSwiftPackageReference "Kingfisher" */,
			);
			productRefGroup = 3081925626B0F3400022DB17 /* Products */;
			projectDirPath = "";
			projectRoot = "";
			targets = (
				3081925426B0F3400022DB17 /* kidsland */,
				30584BF026C39CD50025A772 /* HealthQRExtension */,
			);
		};
/* End PBXProject section */

/* Begin PBXResourcesBuildPhase section */
		30584BEF26C39CD50025A772 /* Resources */ = {
			isa = PBXResourcesBuildPhase;
			buildActionMask = 2147483647;
			files = (
				30584BFC26C39CD60025A772 /* Assets.xcassets in Resources */,
			);
			runOnlyForDeploymentPostprocessing = 0;
		};
		3081925326B0F3400022DB17 /* Resources */ = {
			isa = PBXResourcesBuildPhase;
			buildActionMask = 2147483647;
			files = (
				3061920F26BB974500140D41 /* 201511061813048606.png in Resources */,
				3061920026BB974500140D41 /* 201709081710371818.png in Resources */,
				3061921C26BB974500140D41 /* 201709121553526409.png in Resources */,
				306191D326BB974500140D41 /* 202003191446258631.png in Resources */,
				30BFB47026B39F3C0072DB7F /* 贝瓦儿歌mp3-036 If you are happy.MP3 in Resources */,
				306191E126BB974500140D41 /* 202003191433289748.png in Resources */,
				3061921426BB974500140D41 /* 202003191451424311.png in Resources */,
				3061923726BB974500140D41 /* 202003191510126381.png in Resources */,
				3061925226BB974500140D41 /* 201709091948435796.png in Resources */,
				306191FF26BB974500140D41 /* 201511061655104476.png in Resources */,
				306191FC26BB974500140D41 /* 201511061722302213.png in Resources */,
				306191C926BB974500140D41 /* 202003191444328139.png in Resources */,
				306191DB26BB974500140D41 /* 202104191438226276.png in Resources */,
				3061925126BB974500140D41 /* 201709111305502404.png in Resources */,
				3061923526BB974500140D41 /* 202003191434387453.png in Resources */,
				3061920326BB974500140D41 /* 202005061023475981.png in Resources */,
				3061923826BB974500140D41 /* 202003191449258974.png in Resources */,
				306191F526BB974500140D41 /* 202104191521441185.png in Resources */,
				3061920126BB974500140D41 /* 201511061658408782.png in Resources */,
				3081926026B0F3420022DB17 /* Preview Assets.xcassets in Resources */,
				3061921026BB974500140D41 /* 202008121038059059.png in Resources */,
				3061925326BB974500140D41 /* 201909241658187803.png in Resources */,
				3061925626BB974500140D41 /* 201709091945021754.png in Resources */,
				3061921226BB974500140D41 /* 202008111503424528.png in Resources */,
				3061921A26BB974500140D41 /* 201910101708405246.png in Resources */,
				306191D926BB974500140D41 /* 201510282055166446.png in Resources */,
				306191D826BB974500140D41 /* 202005270940173811.png in Resources */,
				306191CA26BB974500140D41 /* 202003191445238413.png in Resources */,
				306190DD26BB707100140D41 /* familymart.mp3 in Resources */,
				306191CC26BB974500140D41 /* 202104261601503435.png in Resources */,
				3081925D26B0F3420022DB17 /* Assets.xcassets in Resources */,
				306191C626BB974400140D41 /* 202003191441213571.png in Resources */,
				3061924F26BB974500140D41 /* 201709121554229917.png in Resources */,
				306191F226BB974500140D41 /* 202005061027391479.png in Resources */,
				3061920D26BB974500140D41 /* 202003191452518874.png in Resources */,
				3061923C26BB974500140D41 /* 202003191447495324.png in Resources */,
				306191DE26BB974500140D41 /* 202104191456165259.png in Resources */,
				3061925526BB974500140D41 /* 201909241741122130.png in Resources */,
				306191E026BB974500140D41 /* 202003191433146156.png in Resources */,
				306190E026BB744800140D41 /* 1.MP3 in Resources */,
				306191C526BB974400140D41 /* 202003191442536617.png in Resources */,
				306191F626BB974500140D41 /* 201610181552401579.png in Resources */,
				306191E526BB974500140D41 /* 202104191555596695.png in Resources */,
				3061921D26BB974500140D41 /* 202003191453303469.png in Resources */,
				3061924D26BB974500140D41 /* 201909241723061060.png in Resources */,
				306191F026BB974500140D41 /* 202005061021247170.png in Resources */,
				306191CE26BB974500140D41 /* 202003191431284513.png in Resources */,
				306191E226BB974500140D41 /* 202104191549025113.png in Resources */,
				306191C426BB974400140D41 /* 202010161656302443.png in Resources */,
				306191DF26BB974500140D41 /* 201610141806169974.png in Resources */,
				306191DC26BB974500140D41 /* 202104191559028030.png in Resources */,
				3061923B26BB974500140D41 /* 202003191447419769.png in Resources */,
				3061926426BBC75B00140D41 /* hanbao.bundle in Resources */,
				306191D726BB974500140D41 /* 202104191452168424.png in Resources */,
				306191D026BB974500140D41 /* 202003191446371767.png in Resources */,
				306191EF26BB974500140D41 /* 201709081712171757.png in Resources */,
				306191CB26BB974500140D41 /* 201511061707075050.png in Resources */,
				306191FD26BB974500140D41 /* 202104191514165145.png in Resources */,
				30BFB47226B39F3C0072DB7F /* 贝瓦儿歌mp3-038 Old MacDonald.MP3 in Resources */,
				3061921926BB974500140D41 /* 202005191139581600.png in Resources */,
				306191F826BB974500140D41 /* 201610141825068448.png in Resources */,
				3061921726BB974500140D41 /* 201602171846327169.png in Resources */,
				3061923D26BB974500140D41 /* mcd-logo.jpg in Resources */,
				3061920B26BB974500140D41 /* 201511061812111837.png in Resources */,
				3061925426BB974500140D41 /* 201909261438192618.png in Resources */,
				306191C826BB974400140D41 /* 202010121523342804.png in Resources */,
				3061921126BB974500140D41 /* 201511061823032589.png in Resources */,
				3061921826BB974500140D41 /* 202005191151344606.png in Resources */,
				306191DA26BB974500140D41 /* 202104191445236993.png in Resources */,
				3061923A26BB974500140D41 /* 202005270949182813.png in Resources */,
				306191C326BB974400140D41 /* 202003191445351148.png in Resources */,
				306191DD26BB974500140D41 /* 201908131737148079.png in Resources */,
				306191D126BB974500140D41 /* 202004291713404547.png in Resources */,
				306191D226BB974500140D41 /* 202104251154007356.png in Resources */,
				3061920226BB974500140D41 /* 201511061658221610.png in Resources */,
				3061924E26BB974500140D41 /* 201909252240384287.png in Resources */,
				3061921326BB974500140D41 /* 202003191452306697.png in Resources */,
				306191C726BB974400140D41 /* 202005061003553790.png in Resources */,
				306191CF26BB974500140D41 /* 202005270940031690.png in Resources */,
				3061925026BB974500140D41 /* 201909252152393066.png in Resources */,
				3061923626BB974500140D41 /* 201511061801006455.png in Resources */,
				306191F326BB974500140D41 /* 202104191526391210.png in Resources */,
				306191EE26BB974500140D41 /* 202104151852206510.png in Resources */,
				3061920426BB974500140D41 /* 202005061029316017.png in Resources */,
				306191E426BB974500140D41 /* 202104191545314313.png in Resources */,
				3061924326BB974500140D41 /* header-mobile-bg.png in Resources */,
				3061920A26BB974500140D41 /* 201511061811032770.png in Resources */,
				306191F726BB974500140D41 /* 201908271032169362.png in Resources */,
				3061921B26BB974500140D41 /* 202005191150116099.png in Resources */,
				30BFB47126B39F3C0072DB7F /* 贝瓦儿歌mp3-037 Pat a cake.MP3 in Resources */,
				306191F126BB974500140D41 /* 201511061723077048.png in Resources */,
				3061921526BB974500140D41 /* 202104191417454534.png in Resources */,
				306191CD26BB974500140D41 /* 202104251155083442.png in Resources */,
				3061920E26BB974500140D41 /* 202005270940331482.png in Resources */,
				306191D626BB974500140D41 /* 202104191433067178.png in Resources */,
				30584C0A26C3B1E60025A772 /* 701628666462_.pic.jpg in Resources */,
				30BFB46F26B39F3C0072DB7F /* 贝瓦儿歌mp3-040 The Months.MP3 in Resources */,
				306191FB26BB974500140D41 /* 201709081713313851.png in Resources */,
				306191C226BB974400140D41 /* 202104261601293757.png in Resources */,
				3061920526BB974500140D41 /* 201511061657219723.png in Resources */,
				306191E326BB974500140D41 /* 201709121712579051.png in Resources */,
				306191FE26BB974500140D41 /* 202005061031176823.png in Resources */,
				3061921626BB974500140D41 /* 202006171817102529.png in Resources */,
				3061926826BBE59900140D41 /* mdl.json in Resources */,
				306191FA26BB974500140D41 /* 202104191500563514.png in Resources */,
				3061920C26BB974500140D41 /* 202008121131147367.png in Resources */,
				306191F426BB974500140D41 /* 201511061654225468.png in Resources */,
				30BFB47326B39F3C0072DB7F /* 贝瓦儿歌mp3-039 Ring around the rosy.MP3 in Resources */,
			);
			runOnlyForDeploymentPostprocessing = 0;
		};
/* End PBXResourcesBuildPhase section */

/* Begin PBXSourcesBuildPhase section */
		30584BED26C39CD50025A772 /* Sources */ = {
			isa = PBXSourcesBuildPhase;
			buildActionMask = 2147483647;
			files = (
				30584BF926C39CD50025A772 /* HealthQR.swift in Sources */,
				30584BFE26C39CD60025A772 /* HealthQR.intentdefinition in Sources */,
			);
			runOnlyForDeploymentPostprocessing = 0;
		};
		3081925126B0F3400022DB17 /* Sources */ = {
			isa = PBXSourcesBuildPhase;
			buildActionMask = 2147483647;
			files = (
				30BFB45A26B29A470072DB7F /* Song.swift in Sources */,
				3081927626B140E00022DB17 /* EngLearnView.swift in Sources */,
				30584C0826C3B0EE0025A772 /* HealthImageView.swift in Sources */,
				3081925B26B0F3400022DB17 /* ContentView.swift in Sources */,
				3061927126BBE6DF00140D41 /* Specification.swift in Sources */,
				3067DC3427D5B07F00DA339E /* PhotoListView.swift in Sources */,
				30BFB46426B29B9E0072DB7F /* SwiftyJSON.swift in Sources */,
				3081927926B14E4D0022DB17 /* MathLearnView.swift in Sources */,
				3061927026BBE6DF00140D41 /* JSONSchemaSupport.swift in Sources */,
				30BFB45726B29A470072DB7F /* PlayerView.swift in Sources */,
				3061926F26BBE6DF00140D41 /* ProductSection.swift in Sources */,
				3081925926B0F3400022DB17 /* kidslandApp.swift in Sources */,
				309C3F6726DF4DF000F65F4A /* WIFIHelper.swift in Sources */,
				3081927126B0FE990022DB17 /* ScanView.swift in Sources */,
				3050199426C9FB7F00C58010 /* ImagePickerView.swift in Sources */,
				30147FB129B0377700FD0D13 /* ChatGPTView.swift in Sources */,
				3061926026BBB16400140D41 /* McdView.swift in Sources */,
				3061927226BBE6DF00140D41 /* Product.swift in Sources */,
				30584BFF26C39CD60025A772 /* HealthQR.intentdefinition in Sources */,
			);
			runOnlyForDeploymentPostprocessing = 0;
		};
/* End PBXSourcesBuildPhase section */

/* Begin PBXTargetDependency section */
		30584C0126C39CD60025A772 /* PBXTargetDependency */ = {
			isa = PBXTargetDependency;
			target = 30584BF026C39CD50025A772 /* HealthQRExtension */;
			targetProxy = 30584C0026C39CD60025A772 /* PBXContainerItemProxy */;
		};
/* End PBXTargetDependency section */

/* Begin XCBuildConfiguration section */
		30584C0426C39CD60025A772 /* Debug */ = {
			isa = XCBuildConfiguration;
			buildSettings = {
				ASSETCATALOG_COMPILER_GLOBAL_ACCENT_COLOR_NAME = AccentColor;
				ASSETCATALOG_COMPILER_WIDGET_BACKGROUND_COLOR_NAME = WidgetBackground;
				CODE_SIGN_STYLE = Automatic;
				DEVELOPMENT_TEAM = CXFNG98542;
				INFOPLIST_FILE = HealthQR/Info.plist;
				IPHONEOS_DEPLOYMENT_TARGET = 15.0;
				LD_RUNPATH_SEARCH_PATHS = (
					"$(inherited)",
					"@executable_path/Frameworks",
					"@executable_path/../../Frameworks",
				);
				PRODUCT_BUNDLE_IDENTIFIER = com.jiazz.kidsland.HealthQR;
				PRODUCT_NAME = "$(TARGET_NAME)";
				SKIP_INSTALL = YES;
				SWIFT_VERSION = 5.0;
				TARGETED_DEVICE_FAMILY = 1;
			};
			name = Debug;
		};
		30584C0526C39CD60025A772 /* Release */ = {
			isa = XCBuildConfiguration;
			buildSettings = {
				ASSETCATALOG_COMPILER_GLOBAL_ACCENT_COLOR_NAME = AccentColor;
				ASSETCATALOG_COMPILER_WIDGET_BACKGROUND_COLOR_NAME = WidgetBackground;
				CODE_SIGN_STYLE = Automatic;
				DEVELOPMENT_TEAM = CXFNG98542;
				INFOPLIST_FILE = HealthQR/Info.plist;
				IPHONEOS_DEPLOYMENT_TARGET = 15.0;
				LD_RUNPATH_SEARCH_PATHS = (
					"$(inherited)",
					"@executable_path/Frameworks",
					"@executable_path/../../Frameworks",
				);
				PRODUCT_BUNDLE_IDENTIFIER = com.jiazz.kidsland.HealthQR;
				PRODUCT_NAME = "$(TARGET_NAME)";
				SKIP_INSTALL = YES;
				SWIFT_VERSION = 5.0;
				TARGETED_DEVICE_FAMILY = 1;
			};
			name = Release;
		};
		3081926226B0F3420022DB17 /* Debug */ = {
			isa = XCBuildConfiguration;
			buildSettings = {
				ALWAYS_SEARCH_USER_PATHS = NO;
				CLANG_ANALYZER_NONNULL = YES;
				CLANG_ANALYZER_NUMBER_OBJECT_CONVERSION = YES_AGGRESSIVE;
				CLANG_CXX_LANGUAGE_STANDARD = "gnu++14";
				CLANG_CXX_LIBRARY = "libc++";
				CLANG_ENABLE_MODULES = YES;
				CLANG_ENABLE_OBJC_ARC = YES;
				CLANG_ENABLE_OBJC_WEAK = YES;
				CLANG_WARN_BLOCK_CAPTURE_AUTORELEASING = YES;
				CLANG_WARN_BOOL_CONVERSION = YES;
				CLANG_WARN_COMMA = YES;
				CLANG_WARN_CONSTANT_CONVERSION = YES;
				CLANG_WARN_DEPRECATED_OBJC_IMPLEMENTATIONS = YES;
				CLANG_WARN_DIRECT_OBJC_ISA_USAGE = YES_ERROR;
				CLANG_WARN_DOCUMENTATION_COMMENTS = YES;
				CLANG_WARN_EMPTY_BODY = YES;
				CLANG_WARN_ENUM_CONVERSION = YES;
				CLANG_WARN_INFINITE_RECURSION = YES;
				CLANG_WARN_INT_CONVERSION = YES;
				CLANG_WARN_NON_LITERAL_NULL_CONVERSION = YES;
				CLANG_WARN_OBJC_IMPLICIT_RETAIN_SELF = YES;
				CLANG_WARN_OBJC_LITERAL_CONVERSION = YES;
				CLANG_WARN_OBJC_ROOT_CLASS = YES_ERROR;
				CLANG_WARN_QUOTED_INCLUDE_IN_FRAMEWORK_HEADER = YES;
				CLANG_WARN_RANGE_LOOP_ANALYSIS = YES;
				CLANG_WARN_STRICT_PROTOTYPES = YES;
				CLANG_WARN_SUSPICIOUS_MOVE = YES;
				CLANG_WARN_UNGUARDED_AVAILABILITY = YES_AGGRESSIVE;
				CLANG_WARN_UNREACHABLE_CODE = YES;
				CLANG_WARN__DUPLICATE_METHOD_MATCH = YES;
				COPY_PHASE_STRIP = NO;
				DEBUG_INFORMATION_FORMAT = dwarf;
				ENABLE_STRICT_OBJC_MSGSEND = YES;
				ENABLE_TESTABILITY = YES;
				GCC_C_LANGUAGE_STANDARD = gnu11;
				GCC_DYNAMIC_NO_PIC = NO;
				GCC_NO_COMMON_BLOCKS = YES;
				GCC_OPTIMIZATION_LEVEL = 0;
				GCC_PREPROCESSOR_DEFINITIONS = (
					"DEBUG=1",
					"$(inherited)",
				);
				GCC_WARN_64_TO_32_BIT_CONVERSION = YES;
				GCC_WARN_ABOUT_RETURN_TYPE = YES_ERROR;
				GCC_WARN_UNDECLARED_SELECTOR = YES;
				GCC_WARN_UNINITIALIZED_AUTOS = YES_AGGRESSIVE;
				GCC_WARN_UNUSED_FUNCTION = YES;
				GCC_WARN_UNUSED_VARIABLE = YES;
				IPHONEOS_DEPLOYMENT_TARGET = 14.4;
				MTL_ENABLE_DEBUG_INFO = INCLUDE_SOURCE;
				MTL_FAST_MATH = YES;
				ONLY_ACTIVE_ARCH = YES;
				SDKROOT = iphoneos;
				SWIFT_ACTIVE_COMPILATION_CONDITIONS = DEBUG;
				SWIFT_OPTIMIZATION_LEVEL = "-Onone";
			};
			name = Debug;
		};
		3081926326B0F3420022DB17 /* Release */ = {
			isa = XCBuildConfiguration;
			buildSettings = {
				ALWAYS_SEARCH_USER_PATHS = NO;
				CLANG_ANALYZER_NONNULL = YES;
				CLANG_ANALYZER_NUMBER_OBJECT_CONVERSION = YES_AGGRESSIVE;
				CLANG_CXX_LANGUAGE_STANDARD = "gnu++14";
				CLANG_CXX_LIBRARY = "libc++";
				CLANG_ENABLE_MODULES = YES;
				CLANG_ENABLE_OBJC_ARC = YES;
				CLANG_ENABLE_OBJC_WEAK = YES;
				CLANG_WARN_BLOCK_CAPTURE_AUTORELEASING = YES;
				CLANG_WARN_BOOL_CONVERSION = YES;
				CLANG_WARN_COMMA = YES;
				CLANG_WARN_CONSTANT_CONVERSION = YES;
				CLANG_WARN_DEPRECATED_OBJC_IMPLEMENTATIONS = YES;
				CLANG_WARN_DIRECT_OBJC_ISA_USAGE = YES_ERROR;
				CLANG_WARN_DOCUMENTATION_COMMENTS = YES;
				CLANG_WARN_EMPTY_BODY = YES;
				CLANG_WARN_ENUM_CONVERSION = YES;
				CLANG_WARN_INFINITE_RECURSION = YES;
				CLANG_WARN_INT_CONVERSION = YES;
				CLANG_WARN_NON_LITERAL_NULL_CONVERSION = YES;
				CLANG_WARN_OBJC_IMPLICIT_RETAIN_SELF = YES;
				CLANG_WARN_OBJC_LITERAL_CONVERSION = YES;
				CLANG_WARN_OBJC_ROOT_CLASS = YES_ERROR;
				CLANG_WARN_QUOTED_INCLUDE_IN_FRAMEWORK_HEADER = YES;
				CLANG_WARN_RANGE_LOOP_ANALYSIS = YES;
				CLANG_WARN_STRICT_PROTOTYPES = YES;
				CLANG_WARN_SUSPICIOUS_MOVE = YES;
				CLANG_WARN_UNGUARDED_AVAILABILITY = YES_AGGRESSIVE;
				CLANG_WARN_UNREACHABLE_CODE = YES;
				CLANG_WARN__DUPLICATE_METHOD_MATCH = YES;
				COPY_PHASE_STRIP = NO;
				DEBUG_INFORMATION_FORMAT = "dwarf-with-dsym";
				ENABLE_NS_ASSERTIONS = NO;
				ENABLE_STRICT_OBJC_MSGSEND = YES;
				GCC_C_LANGUAGE_STANDARD = gnu11;
				GCC_NO_COMMON_BLOCKS = YES;
				GCC_WARN_64_TO_32_BIT_CONVERSION = YES;
				GCC_WARN_ABOUT_RETURN_TYPE = YES_ERROR;
				GCC_WARN_UNDECLARED_SELECTOR = YES;
				GCC_WARN_UNINITIALIZED_AUTOS = YES_AGGRESSIVE;
				GCC_WARN_UNUSED_FUNCTION = YES;
				GCC_WARN_UNUSED_VARIABLE = YES;
				IPHONEOS_DEPLOYMENT_TARGET = 14.4;
				MTL_ENABLE_DEBUG_INFO = NO;
				MTL_FAST_MATH = YES;
				SDKROOT = iphoneos;
				SWIFT_COMPILATION_MODE = wholemodule;
				SWIFT_OPTIMIZATION_LEVEL = "-O";
				VALIDATE_PRODUCT = YES;
			};
			name = Release;
		};
		3081926526B0F3420022DB17 /* Debug */ = {
			isa = XCBuildConfiguration;
			buildSettings = {
				ALWAYS_EMBED_SWIFT_STANDARD_LIBRARIES = YES;
				ASSETCATALOG_COMPILER_APPICON_NAME = AppIcon;
				ASSETCATALOG_COMPILER_GLOBAL_ACCENT_COLOR_NAME = AccentColor;
				CODE_SIGN_ENTITLEMENTS = kidsland/kidsland.entitlements;
				CODE_SIGN_STYLE = Automatic;
				DEVELOPMENT_ASSET_PATHS = "\"kidsland/Preview Content\"";
				DEVELOPMENT_TEAM = CXFNG98542;
				ENABLE_PREVIEWS = YES;
				INFOPLIST_FILE = kidsland/Info.plist;
				IPHONEOS_DEPLOYMENT_TARGET = 15.0;
				LD_RUNPATH_SEARCH_PATHS = (
					"$(inherited)",
					"@executable_path/Frameworks",
				);
				PRODUCT_BUNDLE_IDENTIFIER = com.jiazz.kidsland;
				PRODUCT_NAME = "$(TARGET_NAME)";
				SWIFT_VERSION = 5.0;
				TARGETED_DEVICE_FAMILY = "1,2";
			};
			name = Debug;
		};
		3081926626B0F3420022DB17 /* Release */ = {
			isa = XCBuildConfiguration;
			buildSettings = {
				ALWAYS_EMBED_SWIFT_STANDARD_LIBRARIES = YES;
				ASSETCATALOG_COMPILER_APPICON_NAME = AppIcon;
				ASSETCATALOG_COMPILER_GLOBAL_ACCENT_COLOR_NAME = AccentColor;
				CODE_SIGN_ENTITLEMENTS = kidsland/kidsland.entitlements;
				CODE_SIGN_STYLE = Automatic;
				DEVELOPMENT_ASSET_PATHS = "\"kidsland/Preview Content\"";
				DEVELOPMENT_TEAM = CXFNG98542;
				ENABLE_PREVIEWS = YES;
				INFOPLIST_FILE = kidsland/Info.plist;
				IPHONEOS_DEPLOYMENT_TARGET = 15.0;
				LD_RUNPATH_SEARCH_PATHS = (
					"$(inherited)",
					"@executable_path/Frameworks",
				);
				PRODUCT_BUNDLE_IDENTIFIER = com.jiazz.kidsland;
				PRODUCT_NAME = "$(TARGET_NAME)";
				SWIFT_VERSION = 5.0;
				TARGETED_DEVICE_FAMILY = "1,2";
			};
			name = Release;
		};
/* End XCBuildConfiguration section */

/* Begin XCConfigurationList section */
		30584C0626C39CD60025A772 /* Build configuration list for PBXNativeTarget "HealthQRExtension" */ = {
			isa = XCConfigurationList;
			buildConfigurations = (
				30584C0426C39CD60025A772 /* Debug */,
				30584C0526C39CD60025A772 /* Release */,
			);
			defaultConfigurationIsVisible = 0;
			defaultConfigurationName = Release;
		};
		3081925026B0F3400022DB17 /* Build configuration list for PBXProject "kidsland" */ = {
			isa = XCConfigurationList;
			buildConfigurations = (
				3081926226B0F3420022DB17 /* Debug */,
				3081926326B0F3420022DB17 /* Release */,
			);
			defaultConfigurationIsVisible = 0;
			defaultConfigurationName = Release;
		};
		3081926426B0F3420022DB17 /* Build configuration list for PBXNativeTarget "kidsland" */ = {
			isa = XCConfigurationList;
			buildConfigurations = (
				3081926526B0F3420022DB17 /* Debug */,
				3081926626B0F3420022DB17 /* Release */,
			);
			defaultConfigurationIsVisible = 0;
			defaultConfigurationName = Release;
		};
/* End XCConfigurationList section */

/* Begin XCRemoteSwiftPackageReference section */
		3061927626BCE02F00140D41 /* XCRemoteSwiftPackageReference "Kingfisher" */ = {
			isa = XCRemoteSwiftPackageReference;
			repositoryURL = "https://github.com/onevcat/Kingfisher.git";
			requirement = {
				kind = upToNextMajorVersion;
				minimumVersion = 6.3.1;
			};
		};
		3081926C26B0FD300022DB17 /* XCRemoteSwiftPackageReference "CarBode-Barcode-Scanner-For-SwiftUI" */ = {
			isa = XCRemoteSwiftPackageReference;
			repositoryURL = "https://github.com/heart/CarBode-Barcode-Scanner-For-SwiftUI";
			requirement = {
				kind = upToNextMajorVersion;
				minimumVersion = 2.2.2;
			};
		};
		30BFB45E26B29B680072DB7F /* XCRemoteSwiftPackageReference "SDWebImageSwiftUI" */ = {
			isa = XCRemoteSwiftPackageReference;
			repositoryURL = "https://github.com/SDWebImage/SDWebImageSwiftUI";
			requirement = {
				kind = upToNextMajorVersion;
				minimumVersion = 2.0.2;
			};
		};
/* End XCRemoteSwiftPackageReference section */

/* Begin XCSwiftPackageProductDependency section */
		3061927726BCE02F00140D41 /* Kingfisher */ = {
			isa = XCSwiftPackageProductDependency;
			package = 3061927626BCE02F00140D41 /* XCRemoteSwiftPackageReference "Kingfisher" */;
			productName = Kingfisher;
		};
		3081926D26B0FD300022DB17 /* CarBode */ = {
			isa = XCSwiftPackageProductDependency;
			package = 3081926C26B0FD300022DB17 /* XCRemoteSwiftPackageReference "CarBode-Barcode-Scanner-For-SwiftUI" */;
			productName = CarBode;
		};
		30BFB45F26B29B680072DB7F /* SDWebImageSwiftUI */ = {
			isa = XCSwiftPackageProductDependency;
			package = 30BFB45E26B29B680072DB7F /* XCRemoteSwiftPackageReference "SDWebImageSwiftUI" */;
			productName = SDWebImageSwiftUI;
		};
/* End XCSwiftPackageProductDependency section */
	};
	rootObject = 3081924D26B0F3400022DB17 /* Project object */;
}
